
Microsoft Visual Studio Solution File, Format Version 12.00
# Visual Studio Version 17
VisualStudioVersion = 17.7.34031.279
MinimumVisualStudioVersion = 10.0.40219.1
Project("{FAE04EC0-301F-11D3-BF4B-00C04F79EFBC}") = "01_Odev", "01_Odev\01_Odev.csproj", "{69904BC6-2FDD-447F-B65E-1C837C17ABEF}"
EndProject
Global
	GlobalSection(SolutionConfigurationPlatforms) = preSolution
		Debug|Any CPU = Debug|Any CPU
		Release|Any CPU = Release|Any CPU
	EndGlobalSection
	GlobalSection(ProjectConfigurationPlatforms) = postSolution
		{69904BC6-2FDD-447F-B65E-1C837C17ABEF}.Debug|Any CPU.ActiveCfg = Debug|Any CPU
		{69904BC6-2FDD-447F-B65E-1C837C17ABEF}.Debug|Any CPU.Build.0 = Debug|Any CPU
		{69904BC6-2FDD-447F-B65E-1C837C17ABEF}.Release|Any CPU.ActiveCfg = Release|Any CPU
		{69904BC6-2FDD-447F-B65E-1C837C17ABEF}.Release|Any CPU.Build.0 = Release|Any CPU
	EndGlobalSection
	GlobalSection(SolutionProperties) = preSolution
		HideSolutionNode = FALSE
	EndGlobalSection
	GlobalSection(ExtensibilityGlobals) = postSolution
		SolutionGuid = {A2F24FA7-530C-4D02-A27B-654217B06E46}
	EndGlobalSection
EndGlobal
